
Microsoft Visual Studio Solution File, Format Version 12.00
# Visual Studio Version 17
VisualStudioVersion = 17.0.31903.59
MinimumVisualStudioVersion = 10.0.40219.1
Project("{2150E333-8FDC-42A3-9474-1A3956D46DE8}") = "src", "src", "{827E0CD3-B72D-47B6-A68D-7590B98EB39B}"
EndProject
Project("{2150E333-8FDC-42A3-9474-1A3956D46DE8}") = "Core", "Core", "{8D626EA8-CB54-BC41-363A-217881BEBA6E}"
EndProject
Project("{2150E333-8FDC-42A3-9474-1A3956D46DE8}") = "Presentation", "Presentation", "{6996BBF7-DB31-59BC-C7DD-9A7CCC6138C4}"
EndProject
Project("{2150E333-8FDC-42A3-9474-1A3956D46DE8}") = "Infrastructure", "Infrastructure", "{9048EB7F-3875-A59E-E36B-5BD4C6F2A282}"
EndProject
Project("{FAE04EC0-301F-11D3-BF4B-00C04F79EFBC}") = "SmartERP.Domain", "src\Core\SmartERP.Domain\SmartERP.Domain.csproj", "{5E471093-2B9D-4E36-AAEF-D5F4627248D6}"
EndProject
Project("{FAE04EC0-301F-11D3-BF4B-00C04F79EFBC}") = "SmartERP.Application", "src\Core\SmartERP.Application\SmartERP.Application.csproj", "{2BC0540E-EA34-4E6F-B1EC-E0C04885E764}"
EndProject
Project("{FAE04EC0-301F-11D3-BF4B-00C04F79EFBC}") = "SmartERP.Infrastructure.Services", "src\Infrastructure\SmartERP.Infrastructure\SmartERP.Infrastructure.Services.csproj", "{04A24DC0-810A-4ADF-8433-B9D5A6345B1C}"
EndProject
Project("{FAE04EC0-301F-11D3-BF4B-00C04F79EFBC}") = "SmartERP.Api", "src\Presentation\SmartERP.Api\SmartERP.Api.csproj", "{19E76134-6D9C-433E-9459-349CBC9F103F}"
EndProject
Project("{FAE04EC0-301F-11D3-BF4B-00C04F79EFBC}") = "SmartERP.Persistence.Cache", "src\SmartERP.Persistence.Cache\SmartERP.Persistence.Cache.csproj", "{A9E7A2BB-45B9-4E07-B1F2-203E2E14B1C3}"
EndProject
Project("{FAE04EC0-301F-11D3-BF4B-00C04F79EFBC}") = "SmartERP.Persistence.RelationalDB", "src\Infrastructure\SmartERP.Persistence.RelationalDB\SmartERP.Persistence.RelationalDB.csproj", "{6589CDA7-117B-4985-A5DC-0CF7287E96F5}"
EndProject
Global
	GlobalSection(SolutionConfigurationPlatforms) = preSolution
		Debug|Any CPU = Debug|Any CPU
		Debug|x64 = Debug|x64
		Debug|x86 = Debug|x86
		Release|Any CPU = Release|Any CPU
		Release|x64 = Release|x64
		Release|x86 = Release|x86
	EndGlobalSection
	GlobalSection(ProjectConfigurationPlatforms) = postSolution
		{5E471093-2B9D-4E36-AAEF-D5F4627248D6}.Debug|Any CPU.ActiveCfg = Debug|Any CPU
		{5E471093-2B9D-4E36-AAEF-D5F4627248D6}.Debug|Any CPU.Build.0 = Debug|Any CPU
		{5E471093-2B9D-4E36-AAEF-D5F4627248D6}.Debug|x64.ActiveCfg = Debug|Any CPU
		{5E471093-2B9D-4E36-AAEF-D5F4627248D6}.Debug|x64.Build.0 = Debug|Any CPU
		{5E471093-2B9D-4E36-AAEF-D5F4627248D6}.Debug|x86.ActiveCfg = Debug|Any CPU
		{5E471093-2B9D-4E36-AAEF-D5F4627248D6}.Debug|x86.Build.0 = Debug|Any CPU
		{5E471093-2B9D-4E36-AAEF-D5F4627248D6}.Release|Any CPU.ActiveCfg = Release|Any CPU
		{5E471093-2B9D-4E36-AAEF-D5F4627248D6}.Release|Any CPU.Build.0 = Release|Any CPU
		{5E471093-2B9D-4E36-AAEF-D5F4627248D6}.Release|x64.ActiveCfg = Release|Any CPU
		{5E471093-2B9D-4E36-AAEF-D5F4627248D6}.Release|x64.Build.0 = Release|Any CPU
		{5E471093-2B9D-4E36-AAEF-D5F4627248D6}.Release|x86.ActiveCfg = Release|Any CPU
		{5E471093-2B9D-4E36-AAEF-D5F4627248D6}.Release|x86.Build.0 = Release|Any CPU
		{2BC0540E-EA34-4E6F-B1EC-E0C04885E764}.Debug|Any CPU.ActiveCfg = Debug|Any CPU
		{2BC0540E-EA34-4E6F-B1EC-E0C04885E764}.Debug|Any CPU.Build.0 = Debug|Any CPU
		{2BC0540E-EA34-4E6F-B1EC-E0C04885E764}.Debug|x64.ActiveCfg = Debug|Any CPU
		{2BC0540E-EA34-4E6F-B1EC-E0C04885E764}.Debug|x64.Build.0 = Debug|Any CPU
		{2BC0540E-EA34-4E6F-B1EC-E0C04885E764}.Debug|x86.ActiveCfg = Debug|Any CPU
		{2BC0540E-EA34-4E6F-B1EC-E0C04885E764}.Debug|x86.Build.0 = Debug|Any CPU
		{2BC0540E-EA34-4E6F-B1EC-E0C04885E764}.Release|Any CPU.ActiveCfg = Release|Any CPU
		{2BC0540E-EA34-4E6F-B1EC-E0C04885E764}.Release|Any CPU.Build.0 = Release|Any CPU
		{2BC0540E-EA34-4E6F-B1EC-E0C04885E764}.Release|x64.ActiveCfg = Release|Any CPU
		{2BC0540E-EA34-4E6F-B1EC-E0C04885E764}.Release|x64.Build.0 = Release|Any CPU
		{2BC0540E-EA34-4E6F-B1EC-E0C04885E764}.Release|x86.ActiveCfg = Release|Any CPU
		{2BC0540E-EA34-4E6F-B1EC-E0C04885E764}.Release|x86.Build.0 = Release|Any CPU
		{04A24DC0-810A-4ADF-8433-B9D5A6345B1C}.Debug|Any CPU.ActiveCfg = Debug|Any CPU
		{04A24DC0-810A-4ADF-8433-B9D5A6345B1C}.Debug|Any CPU.Build.0 = Debug|Any CPU
		{04A24DC0-810A-4ADF-8433-B9D5A6345B1C}.Debug|x64.ActiveCfg = Debug|Any CPU
		{04A24DC0-810A-4ADF-8433-B9D5A6345B1C}.Debug|x64.Build.0 = Debug|Any CPU
		{04A24DC0-810A-4ADF-8433-B9D5A6345B1C}.Debug|x86.ActiveCfg = Debug|Any CPU
		{04A24DC0-810A-4ADF-8433-B9D5A6345B1C}.Debug|x86.Build.0 = Debug|Any CPU
		{04A24DC0-810A-4ADF-8433-B9D5A6345B1C}.Release|Any CPU.ActiveCfg = Release|Any CPU
		{04A24DC0-810A-4ADF-8433-B9D5A6345B1C}.Release|Any CPU.Build.0 = Release|Any CPU
		{04A24DC0-810A-4ADF-8433-B9D5A6345B1C}.Release|x64.ActiveCfg = Release|Any CPU
		{04A24DC0-810A-4ADF-8433-B9D5A6345B1C}.Release|x64.Build.0 = Release|Any CPU
		{04A24DC0-810A-4ADF-8433-B9D5A6345B1C}.Release|x86.ActiveCfg = Release|Any CPU
		{04A24DC0-810A-4ADF-8433-B9D5A6345B1C}.Release|x86.Build.0 = Release|Any CPU
		{19E76134-6D9C-433E-9459-349CBC9F103F}.Debug|Any CPU.ActiveCfg = Debug|Any CPU
		{19E76134-6D9C-433E-9459-349CBC9F103F}.Debug|Any CPU.Build.0 = Debug|Any CPU
		{19E76134-6D9C-433E-9459-349CBC9F103F}.Debug|x64.ActiveCfg = Debug|Any CPU
		{19E76134-6D9C-433E-9459-349CBC9F103F}.Debug|x64.Build.0 = Debug|Any CPU
		{19E76134-6D9C-433E-9459-349CBC9F103F}.Debug|x86.ActiveCfg = Debug|Any CPU
		{19E76134-6D9C-433E-9459-349CBC9F103F}.Debug|x86.Build.0 = Debug|Any CPU
		{19E76134-6D9C-433E-9459-349CBC9F103F}.Release|Any CPU.ActiveCfg = Release|Any CPU
		{19E76134-6D9C-433E-9459-349CBC9F103F}.Release|Any CPU.Build.0 = Release|Any CPU
		{19E76134-6D9C-433E-9459-349CBC9F103F}.Release|x64.ActiveCfg = Release|Any CPU
		{19E76134-6D9C-433E-9459-349CBC9F103F}.Release|x64.Build.0 = Release|Any CPU
		{19E76134-6D9C-433E-9459-349CBC9F103F}.Release|x86.ActiveCfg = Release|Any CPU
		{19E76134-6D9C-433E-9459-349CBC9F103F}.Release|x86.Build.0 = Release|Any CPU
		{A9E7A2BB-45B9-4E07-B1F2-203E2E14B1C3}.Debug|Any CPU.ActiveCfg = Debug|Any CPU
		{A9E7A2BB-45B9-4E07-B1F2-203E2E14B1C3}.Debug|Any CPU.Build.0 = Debug|Any CPU
		{A9E7A2BB-45B9-4E07-B1F2-203E2E14B1C3}.Debug|x64.ActiveCfg = Debug|Any CPU
		{A9E7A2BB-45B9-4E07-B1F2-203E2E14B1C3}.Debug|x64.Build.0 = Debug|Any CPU
		{A9E7A2BB-45B9-4E07-B1F2-203E2E14B1C3}.Debug|x86.ActiveCfg = Debug|Any CPU
		{A9E7A2BB-45B9-4E07-B1F2-203E2E14B1C3}.Debug|x86.Build.0 = Debug|Any CPU
		{A9E7A2BB-45B9-4E07-B1F2-203E2E14B1C3}.Release|Any CPU.ActiveCfg = Release|Any CPU
		{A9E7A2BB-45B9-4E07-B1F2-203E2E14B1C3}.Release|Any CPU.Build.0 = Release|Any CPU
		{A9E7A2BB-45B9-4E07-B1F2-203E2E14B1C3}.Release|x64.ActiveCfg = Release|Any CPU
		{A9E7A2BB-45B9-4E07-B1F2-203E2E14B1C3}.Release|x64.Build.0 = Release|Any CPU
		{A9E7A2BB-45B9-4E07-B1F2-203E2E14B1C3}.Release|x86.ActiveCfg = Release|Any CPU
		{A9E7A2BB-45B9-4E07-B1F2-203E2E14B1C3}.Release|x86.Build.0 = Release|Any CPU
		{6589CDA7-117B-4985-A5DC-0CF7287E96F5}.Debug|Any CPU.ActiveCfg = Debug|Any CPU
		{6589CDA7-117B-4985-A5DC-0CF7287E96F5}.Debug|Any CPU.Build.0 = Debug|Any CPU
		{6589CDA7-117B-4985-A5DC-0CF7287E96F5}.Debug|x64.ActiveCfg = Debug|Any CPU
		{6589CDA7-117B-4985-A5DC-0CF7287E96F5}.Debug|x64.Build.0 = Debug|Any CPU
		{6589CDA7-117B-4985-A5DC-0CF7287E96F5}.Debug|x86.ActiveCfg = Debug|Any CPU
		{6589CDA7-117B-4985-A5DC-0CF7287E96F5}.Debug|x86.Build.0 = Debug|Any CPU
		{6589CDA7-117B-4985-A5DC-0CF7287E96F5}.Release|Any CPU.ActiveCfg = Release|Any CPU
		{6589CDA7-117B-4985-A5DC-0CF7287E96F5}.Release|Any CPU.Build.0 = Release|Any CPU
		{6589CDA7-117B-4985-A5DC-0CF7287E96F5}.Release|x64.ActiveCfg = Release|Any CPU
		{6589CDA7-117B-4985-A5DC-0CF7287E96F5}.Release|x64.Build.0 = Release|Any CPU
		{6589CDA7-117B-4985-A5DC-0CF7287E96F5}.Release|x86.ActiveCfg = Release|Any CPU
		{6589CDA7-117B-4985-A5DC-0CF7287E96F5}.Release|x86.Build.0 = Release|Any CPU
	EndGlobalSection
	GlobalSection(SolutionProperties) = preSolution
		HideSolutionNode = FALSE
	EndGlobalSection
	GlobalSection(NestedProjects) = preSolution
		{8D626EA8-CB54-BC41-363A-217881BEBA6E} = {827E0CD3-B72D-47B6-A68D-7590B98EB39B}
		{6996BBF7-DB31-59BC-C7DD-9A7CCC6138C4} = {827E0CD3-B72D-47B6-A68D-7590B98EB39B}
		{9048EB7F-3875-A59E-E36B-5BD4C6F2A282} = {827E0CD3-B72D-47B6-A68D-7590B98EB39B}
		{5E471093-2B9D-4E36-AAEF-D5F4627248D6} = {8D626EA8-CB54-BC41-363A-217881BEBA6E}
		{2BC0540E-EA34-4E6F-B1EC-E0C04885E764} = {8D626EA8-CB54-BC41-363A-217881BEBA6E}
		{04A24DC0-810A-4ADF-8433-B9D5A6345B1C} = {9048EB7F-3875-A59E-E36B-5BD4C6F2A282}
		{19E76134-6D9C-433E-9459-349CBC9F103F} = {6996BBF7-DB31-59BC-C7DD-9A7CCC6138C4}
		{A9E7A2BB-45B9-4E07-B1F2-203E2E14B1C3} = {9048EB7F-3875-A59E-E36B-5BD4C6F2A282}
		{6589CDA7-117B-4985-A5DC-0CF7287E96F5} = {9048EB7F-3875-A59E-E36B-5BD4C6F2A282}
	EndGlobalSection
EndGlobal
